
Microsoft Visual Studio Solution File, Format Version 12.00
# Visual Studio Version 17
VisualStudioVersion = 17.14.36301.6 d17.14
MinimumVisualStudioVersion = 10.0.40219.1
Project("{FAE04EC0-301F-11D3-BF4B-00C04F79EFBC}") = "PrimeirosPassosCsharp", "PrimeirosPassosCsharp.csproj", "{72711326-1FC0-4808-9B70-ABD7FD6484C0}"
EndProject
Global
	GlobalSection(SolutionConfigurationPlatforms) = preSolution
		Debug|Any CPU = Debug|Any CPU
		Release|Any CPU = Release|Any CPU
	EndGlobalSection
	GlobalSection(ProjectConfigurationPlatforms) = postSolution
		{72711326-1FC0-4808-9B70-ABD7FD6484C0}.Debug|Any CPU.ActiveCfg = Debug|Any CPU
		{72711326-1FC0-4808-9B70-ABD7FD6484C0}.Debug|Any CPU.Build.0 = Debug|Any CPU
		{72711326-1FC0-4808-9B70-ABD7FD6484C0}.Release|Any CPU.ActiveCfg = Release|Any CPU
		{72711326-1FC0-4808-9B70-ABD7FD6484C0}.Release|Any CPU.Build.0 = Release|Any CPU
	EndGlobalSection
	GlobalSection(SolutionProperties) = preSolution
		HideSolutionNode = FALSE
	EndGlobalSection
	GlobalSection(ExtensibilityGlobals) = postSolution
		SolutionGuid = {A36EFA14-E03A-4628-980E-A9836A599112}
	EndGlobalSection
EndGlobal
